
Microsoft Visual Studio Solution File, Format Version 12.00
# Visual Studio Version 16
VisualStudioVersion = 16.0.33214.272
MinimumVisualStudioVersion = 10.0.40219.1
Project("{FAE04EC0-301F-11D3-BF4B-00C04F79EFBC}") = "MBPPTraining", "MBPPTraining\MBPPTraining.csproj", "{50FE0EA2-B523-4C82-96D6-5BC4B9F86F6F}"
EndProject
Global
	GlobalSection(SolutionConfigurationPlatforms) = preSolution
		Debug|Any CPU = Debug|Any CPU
		Release|Any CPU = Release|Any CPU
	EndGlobalSection
	GlobalSection(ProjectConfigurationPlatforms) = postSolution
		{50FE0EA2-B523-4C82-96D6-5BC4B9F86F6F}.Debug|Any CPU.ActiveCfg = Debug|Any CPU
		{50FE0EA2-B523-4C82-96D6-5BC4B9F86F6F}.Debug|Any CPU.Build.0 = Debug|Any CPU
		{50FE0EA2-B523-4C82-96D6-5BC4B9F86F6F}.Release|Any CPU.ActiveCfg = Release|Any CPU
		{50FE0EA2-B523-4C82-96D6-5BC4B9F86F6F}.Release|Any CPU.Build.0 = Release|Any CPU
	EndGlobalSection
	GlobalSection(SolutionProperties) = preSolution
		HideSolutionNode = FALSE
	EndGlobalSection
	GlobalSection(ExtensibilityGlobals) = postSolution
		SolutionGuid = {A4B4085A-AFB9-4045-983D-F6CD7FA6BCC8}
	EndGlobalSection
EndGlobal
